
Microsoft Visual Studio Solution File, Format Version 12.00
# Visual Studio 15
VisualStudioVersion = 15.0.28307.572
MinimumVisualStudioVersion = 10.0.40219.1
Project("{FAE04EC0-301F-11D3-BF4B-00C04F79EFBC}") = "UDPNumberReceiver", "UDPNumberReceiver\UDPNumberReceiver.csproj", "{9C50AF16-F5DC-4960-8995-3F4705EEAA0C}"
EndProject
Global
	GlobalSection(SolutionConfigurationPlatforms) = preSolution
		Debug|Any CPU = Debug|Any CPU
		Release|Any CPU = Release|Any CPU
	EndGlobalSection
	GlobalSection(ProjectConfigurationPlatforms) = postSolution
		{9C50AF16-F5DC-4960-8995-3F4705EEAA0C}.Debug|Any CPU.ActiveCfg = Debug|Any CPU
		{9C50AF16-F5DC-4960-8995-3F4705EEAA0C}.Debug|Any CPU.Build.0 = Debug|Any CPU
		{9C50AF16-F5DC-4960-8995-3F4705EEAA0C}.Release|Any CPU.ActiveCfg = Release|Any CPU
		{9C50AF16-F5DC-4960-8995-3F4705EEAA0C}.Release|Any CPU.Build.0 = Release|Any CPU
	EndGlobalSection
	GlobalSection(SolutionProperties) = preSolution
		HideSolutionNode = FALSE
	EndGlobalSection
	GlobalSection(ExtensibilityGlobals) = postSolution
		SolutionGuid = {709639AB-37CF-4348-9D71-28B95CC649DE}
	EndGlobalSection
EndGlobal
